
Microsoft Visual Studio Solution File, Format Version 12.00
# Visual Studio Version 16
VisualStudioVersion = 16.0.31911.196
MinimumVisualStudioVersion = 10.0.40219.1
Project("{FAE04EC0-301F-11D3-BF4B-00C04F79EFBC}") = "FFPR-ShiftRight", "FFPR-ShiftRight.csproj", "{5F1DE192-CB55-4C76-B282-5A2BDA0A76C0}"
EndProject
Global
	GlobalSection(SolutionConfigurationPlatforms) = preSolution
		Debug|Any CPU = Debug|Any CPU
		Release|Any CPU = Release|Any CPU
	EndGlobalSection
	GlobalSection(ProjectConfigurationPlatforms) = postSolution
		{5F1DE192-CB55-4C76-B282-5A2BDA0A76C0}.Debug|Any CPU.ActiveCfg = Debug|Any CPU
		{5F1DE192-CB55-4C76-B282-5A2BDA0A76C0}.Debug|Any CPU.Build.0 = Debug|Any CPU
		{5F1DE192-CB55-4C76-B282-5A2BDA0A76C0}.Release|Any CPU.ActiveCfg = Release|Any CPU
		{5F1DE192-CB55-4C76-B282-5A2BDA0A76C0}.Release|Any CPU.Build.0 = Release|Any CPU
	EndGlobalSection
	GlobalSection(SolutionProperties) = preSolution
		HideSolutionNode = FALSE
	EndGlobalSection
	GlobalSection(ExtensibilityGlobals) = postSolution
		SolutionGuid = {8DEDEDAB-F48A-408F-9CF9-F026B93E19E1}
	EndGlobalSection
EndGlobal
